Microsoft Visual Studio Solution File, Format Version 12.00
# Visual Studio Version 17
VisualStudioVersion = 17.5.2.0
MinimumVisualStudioVersion = 10.0.40219.1
Project("{FAE04EC0-301F-11D3-BF4B-00C04F79EFBC}") = "AppServiceAzureDotnet9", "AppServiceAzureDotnet9.csproj", "{CF80A144-15F7-E05E-F11A-9064C019895B}"
EndProject
Global
	GlobalSection(SolutionConfigurationPlatforms) = preSolution
		Debug|Any CPU = Debug|Any CPU
		Release|Any CPU = Release|Any CPU
	EndGlobalSection
	GlobalSection(ProjectConfigurationPlatforms) = postSolution
		{CF80A144-15F7-E05E-F11A-9064C019895B}.Debug|Any CPU.ActiveCfg = Debug|Any CPU
		{CF80A144-15F7-E05E-F11A-9064C019895B}.Debug|Any CPU.Build.0 = Debug|Any CPU
		{CF80A144-15F7-E05E-F11A-9064C019895B}.Release|Any CPU.ActiveCfg = Release|Any CPU
		{CF80A144-15F7-E05E-F11A-9064C019895B}.Release|Any CPU.Build.0 = Release|Any CPU
	EndGlobalSection
	GlobalSection(SolutionProperties) = preSolution
		HideSolutionNode = FALSE
	EndGlobalSection
	GlobalSection(ExtensibilityGlobals) = postSolution
		SolutionGuid = {968CE7AD-640E-48C3-A389-114735E5A5FF}
	EndGlobalSection
EndGlobal
